{
  "requires": true,
  "lockfileVersion": 1,
  "dependencies": {
    "eventemitter3": {
      "version": "4.0.7",
      "resolved": "https://registry.npmjs.org/eventemitter3/-/eventemitter3-4.0.7.tgz",
      "integrity": "sha512-8guHBZCwKnFhYdHr2ysuRWErTwhoN2X8XELRlrRwpmfeY2jjuUN4taQMsULKUVo1K4DvZl+0pgfyoysHxvmvEw=="
    },
    "inline-worker": {
      "version": "1.1.0",
      "resolved": "https://registry.npmjs.org/inline-worker/-/inline-worker-1.1.0.tgz",
      "integrity": "sha1-VelvVJFaZCsAhyotqm/oMrQkyY0="
    },
    "konva": {
      "version": "7.2.5",
      "resolved": "https://registry.npmjs.org/konva/-/konva-7.2.5.tgz",
      "integrity": "sha512-yk/li8rUF+09QNlOdkwbEId+QvfATMe/aMGVouWW1oFoUVTYWHsQuIAE6lWy11DK8mLJEJijkNAXC5K+NVlMew=="
    },
    "peaks.js": {
      "version": "0.25.0",
      "resolved": "https://registry.npmjs.org/peaks.js/-/peaks.js-0.25.0.tgz",
      "integrity": "sha512-X2jgeGOW0nagG9me8uhuglln8UThXugBnEJOucFJy0blbzFRC/jHWAw/VPh7u0hcAZqTLPpWvGyXUEqlW7KElA==",
      "requires": {
        "eventemitter3": "~4.0.7",
        "konva": "~7.2.5",
        "waveform-data": "~3.3.4"
      }
    },
    "waveform-data": {
      "version": "3.3.4",
      "resolved": "https://registry.npmjs.org/waveform-data/-/waveform-data-3.3.4.tgz",
      "integrity": "sha512-mE7455avSygHPXt3QJ0+fmpkWxWAxYVaXrInhIEksLd98NvDpxSoKDCFFM/xcSR+f7fr2OzJ5xUBZiT8ZbdBRA==",
      "requires": {
        "inline-worker": "~1.1.0"
      }
    }
  }
}
